
Microsoft Visual Studio Solution File, Format Version 12.00
# Visual Studio Version 17
VisualStudioVersion = 17.5.002.0
MinimumVisualStudioVersion = 10.0.40219.1
Project("{9A19103F-16F7-4668-BE54-9A1E7A4F7556}") = "week_05_cs_db1", "week_05_cs_db1.csproj", "{405F731A-DB51-4179-AA7D-1B0FC8B0EC26}"
EndProject
Global
	GlobalSection(SolutionConfigurationPlatforms) = preSolution
		Debug|Any CPU = Debug|Any CPU
		Release|Any CPU = Release|Any CPU
	EndGlobalSection
	GlobalSection(ProjectConfigurationPlatforms) = postSolution
		{405F731A-DB51-4179-AA7D-1B0FC8B0EC26}.Debug|Any CPU.ActiveCfg = Debug|Any CPU
		{405F731A-DB51-4179-AA7D-1B0FC8B0EC26}.Debug|Any CPU.Build.0 = Debug|Any CPU
		{405F731A-DB51-4179-AA7D-1B0FC8B0EC26}.Release|Any CPU.ActiveCfg = Release|Any CPU
		{405F731A-DB51-4179-AA7D-1B0FC8B0EC26}.Release|Any CPU.Build.0 = Release|Any CPU
	EndGlobalSection
	GlobalSection(SolutionProperties) = preSolution
		HideSolutionNode = FALSE
	EndGlobalSection
	GlobalSection(ExtensibilityGlobals) = postSolution
		SolutionGuid = {F7120B8C-5294-47D5-9B52-90B66089AF93}
	EndGlobalSection
EndGlobal
